// !$*UTF8*$!
{
	archiveVersion = 1;
	classes = {
	};
	objectVersion = 48;
	objects = {

/* Begin PBXBuildFile section */
		D9B1BDB4204CA0F90063C3E1 /* AppDelegate.swift in Sources */ = {isa = PBXBuildFile; fileRef = D9B1BDB3204CA0F90063C3E1 /* AppDelegate.swift */; };
		D9B1BDB6204CA0F90063C3E1 /* ViewController.swift in Sources */ = {isa = PBXBuildFile; fileRef = D9B1BDB5204CA0F90063C3E1 /* ViewController.swift */; };
		D9B1BDB9204CA0F90063C3E1 /* Main.storyboard in Resources */ = {isa = PBXBuildFile; fileRef = D9B1BDB7204CA0F90063C3E1 /* Main.storyboard */; };
		D9B1BDBB204CA0F90063C3E1 /* Assets.xcassets in Resources */ = {isa = PBXBuildFile; fileRef = D9B1BDBA204CA0F90063C3E1 /* Assets.xcassets */; };
		D9B1BDBE204CA0F90063C3E1 /* LaunchScreen.storyboard in Resources */ = {isa = PBXBuildFile; fileRef = D9B1BDBC204CA0F90063C3E1 /* LaunchScreen.storyboard */; };
		D9B1BDE4204CA8E60063C3E1 /* 1.mp4 in Resources */ = {isa = PBXBuildFile; fileRef = D9B1BDE1204CA7CA0063C3E1 /* 1.mp4 */; };
		D9B1BDE5204CA8E60063C3E1 /* 2.mp4 in Resources */ = {isa = PBXBuildFile; fileRef = D9B1BDE2204CA7CA0063C3E1 /* 2.mp4 */; };
		D9B1BDE6204CA8E60063C3E1 /* 3.mp4 in Resources */ = {isa = PBXBuildFile; fileRef = D9B1BDDF204CA7C90063C3E1 /* 3.mp4 */; };
		D9B1BDE7204CA8E60063C3E1 /* 4.mp4 in Resources */ = {isa = PBXBuildFile; fileRef = D9B1BDDE204CA7C90063C3E1 /* 4.mp4 */; };
		D9B1BDE8204CA8E60063C3E1 /* 5.mp4 in Resources */ = {isa = PBXBuildFile; fileRef = D9B1BDE0204CA7CA0063C3E1 /* 5.mp4 */; };
		D9B1BDE9204CA8E60063C3E1 /* 6.mp4 in Resources */ = {isa = PBXBuildFile; fileRef = D9B1BDDD204CA7C90063C3E1 /* 6.mp4 */; };
		D9B1BDEF204DC0B90063C3E1 /* VideoViewController.swift in Sources */ = {isa = PBXBuildFile; fileRef = D9B1BDEE204DC0B90063C3E1 /* VideoViewController.swift */; };
/* End PBXBuildFile section */

/* Begin PBXFileReference section */
		D9B1BDB0204CA0F90063C3E1 /* Trials.app */ = {isa = PBXFileReference; explicitFileType = wrapper.application; includeInIndex = 0; path = Trials.app; sourceTree = BUILT_PRODUCTS_DIR; };
		D9B1BDB3204CA0F90063C3E1 /* AppDelegate.swift */ = {isa = PBXFileReference; lastKnownFileType = sourcecode.swift; path = AppDelegate.swift; sourceTree = "<group>"; };
		D9B1BDB5204CA0F90063C3E1 /* ViewController.swift */ = {isa = PBXFileReference; lastKnownFileType = sourcecode.swift; path = ViewController.swift; sourceTree = "<group>"; };
		D9B1BDB8204CA0F90063C3E1 /* Base */ = {isa = PBXFileReference; lastKnownFileType = file.storyboard; name = Base; path = Base.lproj/Main.storyboard; sourceTree = "<group>"; };
		D9B1BDBA204CA0F90063C3E1 /* Assets.xcassets */ = {isa = PBXFileReference; lastKnownFileType = folder.assetcatalog; path = Assets.xcassets; sourceTree = "<group>"; };
		D9B1BDBD204CA0F90063C3E1 /* Base */ = {isa = PBXFileReference; lastKnownFileType = file.storyboard; name = Base; path = Base.lproj/LaunchScreen.storyboard; sourceTree = "<group>"; };
		D9B1BDBF204CA0F90063C3E1 /* Info.plist */ = {isa = PBXFileReference; lastKnownFileType = text.plist.xml; path = Info.plist; sourceTree = "<group>"; };
		D9B1BDDD204CA7C90063C3E1 /* 6.mp4 */ = {isa = PBXFileReference; lastKnownFileType = file; path = 6.mp4; sourceTree = "<group>"; };
		D9B1BDDE204CA7C90063C3E1 /* 4.mp4 */ = {isa = PBXFileReference; lastKnownFileType = file; path = 4.mp4; sourceTree = "<group>"; };
		D9B1BDDF204CA7C90063C3E1 /* 3.mp4 */ = {isa = PBXFileReference; lastKnownFileType = file; path = 3.mp4; sourceTree = "<group>"; };
		D9B1BDE0204CA7CA0063C3E1 /* 5.mp4 */ = {isa = PBXFileReference; lastKnownFileType = file; path = 5.mp4; sourceTree = "<group>"; };
		D9B1BDE1204CA7CA0063C3E1 /* 1.mp4 */ = {isa = PBXFileReference; lastKnownFileType = file; path = 1.mp4; sourceTree = "<group>"; };
		D9B1BDE2204CA7CA0063C3E1 /* 2.mp4 */ = {isa = PBXFileReference; lastKnownFileType = file; path = 2.mp4; sourceTree = "<group>"; };
		D9B1BDEE204DC0B90063C3E1 /* VideoViewController.swift */ = {isa = PBXFileReference; fileEncoding = 4; lastKnownFileType = sourcecode.swift; path = VideoViewController.swift; sourceTree = "<group>"; };
/* End PBXFileReference section */

/* Begin PBXFrameworksBuildPhase section */
		D9B1BDAD204CA0F90063C3E1 /* Frameworks */ = {
			isa = PBXFrameworksBuildPhase;
			buildActionMask = 2147483647;
			files = (
			);
			runOnlyForDeploymentPostprocessing = 0;
		};
/* End PBXFrameworksBuildPhase section */

/* Begin PBXGroup section */
		D9B1BDA7204CA0F90063C3E1 = {
			isa = PBXGroup;
			children = (
				D9B1BDB2204CA0F90063C3E1 /* Trials */,
				D9B1BDB1204CA0F90063C3E1 /* Products */,
			);
			sourceTree = "<group>";
		};
		D9B1BDB1204CA0F90063C3E1 /* Products */ = {
			isa = PBXGroup;
			children = (
				D9B1BDB0204CA0F90063C3E1 /* Trials.app */,
			);
			name = Products;
			sourceTree = "<group>";
		};
		D9B1BDB2204CA0F90063C3E1 /* Trials */ = {
			isa = PBXGroup;
			children = (
				D9B1BDE3204CA7E50063C3E1 /* Resources */,
				D9B1BDB3204CA0F90063C3E1 /* AppDelegate.swift */,
				D9B1BDEE204DC0B90063C3E1 /* VideoViewController.swift */,
				D9B1BDB5204CA0F90063C3E1 /* ViewController.swift */,
				D9B1BDB7204CA0F90063C3E1 /* Main.storyboard */,
				D9B1BDBA204CA0F90063C3E1 /* Assets.xcassets */,
				D9B1BDBC204CA0F90063C3E1 /* LaunchScreen.storyboard */,
				D9B1BDBF204CA0F90063C3E1 /* Info.plist */,
			);
			path = Trials;
			sourceTree = "<group>";
		};
		D9B1BDE3204CA7E50063C3E1 /* Resources */ = {
			isa = PBXGroup;
			children = (
				D9B1BDE1204CA7CA0063C3E1 /* 1.mp4 */,
				D9B1BDE2204CA7CA0063C3E1 /* 2.mp4 */,
				D9B1BDDF204CA7C90063C3E1 /* 3.mp4 */,
				D9B1BDDE204CA7C90063C3E1 /* 4.mp4 */,
				D9B1BDE0204CA7CA0063C3E1 /* 5.mp4 */,
				D9B1BDDD204CA7C90063C3E1 /* 6.mp4 */,
			);
			path = Resources;
			sourceTree = "<group>";
		};
/* End PBXGroup section */

/* Begin PBXNativeTarget section */
		D9B1BDAF204CA0F90063C3E1 /* Trials */ = {
			isa = PBXNativeTarget;
			buildConfigurationList = D9B1BDC2204CA0F90063C3E1 /* Build configuration list for PBXNativeTarget "Trials" */;
			buildPhases = (
				D9B1BDAC204CA0F90063C3E1 /* Sources */,
				D9B1BDAD204CA0F90063C3E1 /* Frameworks */,
				D9B1BDAE204CA0F90063C3E1 /* Resources */,
			);
			buildRules = (
			);
			dependencies = (
			);
			name = Trials;
			productName = Trials;
			productReference = D9B1BDB0204CA0F90063C3E1 /* Trials.app */;
			productType = "com.apple.product-type.application";
		};
/* End PBXNativeTarget section */

/* Begin PBXProject section */
		D9B1BDA8204CA0F90063C3E1 /* Project object */ = {
			isa = PBXProject;
			attributes = {
				LastSwiftUpdateCheck = 0920;
				LastUpgradeCheck = 0920;
				ORGANIZATIONNAME = "Mayur Phadte";
				TargetAttributes = {
					D9B1BDAF204CA0F90063C3E1 = {
						CreatedOnToolsVersion = 9.2;
						ProvisioningStyle = Automatic;
					};
				};
			};
			buildConfigurationList = D9B1BDAB204CA0F90063C3E1 /* Build configuration list for PBXProject "Trials" */;
			compatibilityVersion = "Xcode 8.0";
			developmentRegion = en;
			hasScannedForEncodings = 0;
			knownRegions = (
				en,
				Base,
			);
			mainGroup = D9B1BDA7204CA0F90063C3E1;
			productRefGroup = D9B1BDB1204CA0F90063C3E1 /* Products */;
			projectDirPath = "";
			projectRoot = "";
			targets = (
				D9B1BDAF204CA0F90063C3E1 /* Trials */,
			);
		};
/* End PBXProject section */

/* Begin PBXResourcesBuildPhase section */
		D9B1BDAE204CA0F90063C3E1 /* Resources */ = {
			isa = PBXResourcesBuildPhase;
			buildActionMask = 2147483647;
			files = (
				D9B1BDE4204CA8E60063C3E1 /* 1.mp4 in Resources */,
				D9B1BDE5204CA8E60063C3E1 /* 2.mp4 in Resources */,
				D9B1BDE6204CA8E60063C3E1 /* 3.mp4 in Resources */,
				D9B1BDE7204CA8E60063C3E1 /* 4.mp4 in Resources */,
				D9B1BDE8204CA8E60063C3E1 /* 5.mp4 in Resources */,
				D9B1BDE9204CA8E60063C3E1 /* 6.mp4 in Resources */,
				D9B1BDBE204CA0F90063C3E1 /* LaunchScreen.storyboard in Resources */,
				D9B1BDBB204CA0F90063C3E1 /* Assets.xcassets in Resources */,
				D9B1BDB9204CA0F90063C3E1 /* Main.storyboard in Resources */,
			);
			runOnlyForDeploymentPostprocessing = 0;
		};
/* End PBXResourcesBuildPhase section */

/* Begin PBXSourcesBuildPhase section */
		D9B1BDAC204CA0F90063C3E1 /* Sources */ = {
			isa = PBXSourcesBuildPhase;
			buildActionMask = 2147483647;
			files = (
				D9B1BDB6204CA0F90063C3E1 /* ViewController.swift in Sources */,
				D9B1BDB4204CA0F90063C3E1 /* AppDelegate.swift in Sources */,
				D9B1BDEF204DC0B90063C3E1 /* VideoViewController.swift in Sources */,
			);
			runOnlyForDeploymentPostprocessing = 0;
		};
/* End PBXSourcesBuildPhase section */

/* Begin PBXVariantGroup section */
		D9B1BDB7204CA0F90063C3E1 /* Main.storyboard */ = {
			isa = PBXVariantGroup;
			children = (
				D9B1BDB8204CA0F90063C3E1 /* Base */,
			);
			name = Main.storyboard;
			sourceTree = "<group>";
		};
		D9B1BDBC204CA0F90063C3E1 /* LaunchScreen.storyboard */ = {
			isa = PBXVariantGroup;
			children = (
				D9B1BDBD204CA0F90063C3E1 /* Base */,
			);
			name = LaunchScreen.storyboard;
			sourceTree = "<group>";
		};
/* End PBXVariantGroup section */

/* Begin XCBuildConfiguration section */
		D9B1BDC0204CA0F90063C3E1 /* Debug */ = {
			isa = XCBuildConfiguration;
			buildSettings = {
				ALWAYS_SEARCH_USER_PATHS = NO;
				CLANG_ANALYZER_NONNULL = YES;
				CLANG_ANALYZER_NUMBER_OBJECT_CONVERSION = YES_AGGRESSIVE;
				CLANG_CXX_LANGUAGE_STANDARD = "gnu++14";
				CLANG_CXX_LIBRARY = "libc++";
				CLANG_ENABLE_MODULES = YES;
				CLANG_ENABLE_OBJC_ARC = YES;
				CLANG_WARN_BLOCK_CAPTURE_AUTORELEASING = YES;
				CLANG_WARN_BOOL_CONVERSION = YES;
				CLANG_WARN_COMMA = YES;
				CLANG_WARN_CONSTANT_CONVERSION = YES;
				CLANG_WARN_DIRECT_OBJC_ISA_USAGE = YES_ERROR;
				CLANG_WARN_DOCUMENTATION_COMMENTS = YES;
				CLANG_WARN_EMPTY_BODY = YES;
				CLANG_WARN_ENUM_CONVERSION = YES;
				CLANG_WARN_INFINITE_RECURSION = YES;
				CLANG_WARN_INT_CONVERSION = YES;
				CLANG_WARN_NON_LITERAL_NULL_CONVERSION = YES;
				CLANG_WARN_OBJC_LITERAL_CONVERSION = YES;
				CLANG_WARN_OBJC_ROOT_CLASS = YES_ERROR;
				CLANG_WARN_RANGE_LOOP_ANALYSIS = YES;
				CLANG_WARN_STRICT_PROTOTYPES = YES;
				CLANG_WARN_SUSPICIOUS_MOVE = YES;
				CLANG_WARN_UNGUARDED_AVAILABILITY = YES_AGGRESSIVE;
				CLANG_WARN_UNREACHABLE_CODE = YES;
				CLANG_WARN__DUPLICATE_METHOD_MATCH = YES;
				CODE_SIGN_IDENTITY = "iPhone Developer";
				COPY_PHASE_STRIP = NO;
				DEBUG_INFORMATION_FORMAT = dwarf;
				ENABLE_STRICT_OBJC_MSGSEND = YES;
				ENABLE_TESTABILITY = YES;
				GCC_C_LANGUAGE_STANDARD = gnu11;
				GCC_DYNAMIC_NO_PIC = NO;
				GCC_NO_COMMON_BLOCKS = YES;
				GCC_OPTIMIZATION_LEVEL = 0;
				GCC_PREPROCESSOR_DEFINITIONS = (
					"DEBUG=1",
					"$(inherited)",
				);
				GCC_WARN_64_TO_32_BIT_CONVERSION = YES;
				GCC_WARN_ABOUT_RETURN_TYPE = YES_ERROR;
				GCC_WARN_UNDECLARED_SELECTOR = YES;
				GCC_WARN_UNINITIALIZED_AUTOS = YES_AGGRESSIVE;
				GCC_WARN_UNUSED_FUNCTION = YES;
				GCC_WARN_UNUSED_VARIABLE = YES;
				IPHONEOS_DEPLOYMENT_TARGET = 11.2;
				MTL_ENABLE_DEBUG_INFO = YES;
				ONLY_ACTIVE_ARCH = YES;
				SDKROOT = iphoneos;
				SWIFT_ACTIVE_COMPILATION_CONDITIONS = DEBUG;
				SWIFT_OPTIMIZATION_LEVEL = "-Onone";
			};
			name = Debug;
		};
		D9B1BDC1204CA0F90063C3E1 /* Release */ = {
			isa = XCBuildConfiguration;
			buildSettings = {
				ALWAYS_SEARCH_USER_PATHS = NO;
				CLANG_ANALYZER_NONNULL = YES;
				CLANG_ANALYZER_NUMBER_OBJECT_CONVERSION = YES_AGGRESSIVE;
				CLANG_CXX_LANGUAGE_STANDARD = "gnu++14";
				CLANG_CXX_LIBRARY = "libc++";
				CLANG_ENABLE_MODULES = YES;
				CLANG_ENABLE_OBJC_ARC = YES;
				CLANG_WARN_BLOCK_CAPTURE_AUTORELEASING = YES;
				CLANG_WARN_BOOL_CONVERSION = YES;
				CLANG_WARN_COMMA = YES;
				CLANG_WARN_CONSTANT_CONVERSION = YES;
				CLANG_WARN_DIRECT_OBJC_ISA_USAGE = YES_ERROR;
				CLANG_WARN_DOCUMENTATION_COMMENTS = YES;
				CLANG_WARN_EMPTY_BODY = YES;
				CLANG_WARN_ENUM_CONVERSION = YES;
				CLANG_WARN_INFINITE_RECURSION = YES;
				CLANG_WARN_INT_CONVERSION = YES;
				CLANG_WARN_NON_LITERAL_NULL_CONVERSION = YES;
				CLANG_WARN_OBJC_LITERAL_CONVERSION = YES;
				CLANG_WARN_OBJC_ROOT_CLASS = YES_ERROR;
				CLANG_WARN_RANGE_LOOP_ANALYSIS = YES;
				CLANG_WARN_STRICT_PROTOTYPES = YES;
				CLANG_WARN_SUSPICIOUS_MOVE = YES;
				CLANG_WARN_UNGUARDED_AVAILABILITY = YES_AGGRESSIVE;
				CLANG_WARN_UNREACHABLE_CODE = YES;
				CLANG_WARN__DUPLICATE_METHOD_MATCH = YES;
				CODE_SIGN_IDENTITY = "iPhone Developer";
				COPY_PHASE_STRIP = NO;
				DEBUG_INFORMATION_FORMAT = "dwarf-with-dsym";
				ENABLE_NS_ASSERTIONS = NO;
				ENABLE_STRICT_OBJC_MSGSEND = YES;
				GCC_C_LANGUAGE_STANDARD = gnu11;
				GCC_NO_COMMON_BLOCKS = YES;
				GCC_WARN_64_TO_32_BIT_CONVERSION = YES;
				GCC_WARN_ABOUT_RETURN_TYPE = YES_ERROR;
				GCC_WARN_UNDECLARED_SELECTOR = YES;
				GCC_WARN_UNINITIALIZED_AUTOS = YES_AGGRESSIVE;
				GCC_WARN_UNUSED_FUNCTION = YES;
				GCC_WARN_UNUSED_VARIABLE = YES;
				IPHONEOS_DEPLOYMENT_TARGET = 11.2;
				MTL_ENABLE_DEBUG_INFO = NO;
				SDKROOT = iphoneos;
				SWIFT_OPTIMIZATION_LEVEL = "-Owholemodule";
				VALIDATE_PRODUCT = YES;
			};
			name = Release;
		};
		D9B1BDC3204CA0F90063C3E1 /* Debug */ = {
			isa = XCBuildConfiguration;
			buildSettings = {
				ASSETCATALOG_COMPILER_APPICON_NAME = AppIcon;
				CODE_SIGN_STYLE = Automatic;
				DEVELOPMENT_TEAM = RQVNW8L9ZP;
				INFOPLIST_FILE = Trials/Info.plist;
				LD_RUNPATH_SEARCH_PATHS = "$(inherited) @executable_path/Frameworks";
				PRODUCT_BUNDLE_IDENTIFIER = com.mayurphadte.Trials;
				PRODUCT_NAME = "$(TARGET_NAME)";
				SWIFT_VERSION = 4.0;
				TARGETED_DEVICE_FAMILY = "1,2";
			};
			name = Debug;
		};
		D9B1BDC4204CA0F90063C3E1 /* Release */ = {
			isa = XCBuildConfiguration;
			buildSettings = {
				ASSETCATALOG_COMPILER_APPICON_NAME = AppIcon;
				CODE_SIGN_STYLE = Automatic;
				DEVELOPMENT_TEAM = RQVNW8L9ZP;
				INFOPLIST_FILE = Trials/Info.plist;
				LD_RUNPATH_SEARCH_PATHS = "$(inherited) @executable_path/Frameworks";
				PRODUCT_BUNDLE_IDENTIFIER = com.mayurphadte.Trials;
				PRODUCT_NAME = "$(TARGET_NAME)";
				SWIFT_VERSION = 4.0;
				TARGETED_DEVICE_FAMILY = "1,2";
			};
			name = Release;
		};
/* End XCBuildConfiguration section */

/* Begin XCConfigurationList section */
		D9B1BDAB204CA0F90063C3E1 /* Build configuration list for PBXProject "Trials" */ = {
			isa = XCConfigurationList;
			buildConfigurations = (
				D9B1BDC0204CA0F90063C3E1 /* Debug */,
				D9B1BDC1204CA0F90063C3E1 /* Release */,
			);
			defaultConfigurationIsVisible = 0;
			defaultConfigurationName = Release;
		};
		D9B1BDC2204CA0F90063C3E1 /* Build configuration list for PBXNativeTarget "Trials" */ = {
			isa = XCConfigurationList;
			buildConfigurations = (
				D9B1BDC3204CA0F90063C3E1 /* Debug */,
				D9B1BDC4204CA0F90063C3E1 /* Release */,
			);
			defaultConfigurationIsVisible = 0;
			defaultConfigurationName = Release;
		};
/* End XCConfigurationList section */
	};
	rootObject = D9B1BDA8204CA0F90063C3E1 /* Project object */;
}
